
Microsoft Visual Studio Solution File, Format Version 12.00
# Visual Studio Version 17
VisualStudioVersion = 17.1.32228.430
MinimumVisualStudioVersion = 10.0.40219.1
Project("{FAE04EC0-301F-11D3-BF4B-00C04F79EFBC}") = "01-04-22", "01-04-22\01-04-22.csproj", "{68DD97B6-C34B-4480-9821-7DB4BCCDAA17}"
EndProject
Global
	GlobalSection(SolutionConfigurationPlatforms) = preSolution
		Debug|Any CPU = Debug|Any CPU
		Release|Any CPU = Release|Any CPU
	EndGlobalSection
	GlobalSection(ProjectConfigurationPlatforms) = postSolution
		{68DD97B6-C34B-4480-9821-7DB4BCCDAA17}.Debug|Any CPU.ActiveCfg = Debug|Any CPU
		{68DD97B6-C34B-4480-9821-7DB4BCCDAA17}.Debug|Any CPU.Build.0 = Debug|Any CPU
		{68DD97B6-C34B-4480-9821-7DB4BCCDAA17}.Release|Any CPU.ActiveCfg = Release|Any CPU
		{68DD97B6-C34B-4480-9821-7DB4BCCDAA17}.Release|Any CPU.Build.0 = Release|Any CPU
	EndGlobalSection
	GlobalSection(SolutionProperties) = preSolution
		HideSolutionNode = FALSE
	EndGlobalSection
	GlobalSection(ExtensibilityGlobals) = postSolution
		SolutionGuid = {EC52AB14-F031-46A0-B3F3-0C04687AE28E}
	EndGlobalSection
EndGlobal
